
Microsoft Visual Studio Solution File, Format Version 12.00
# Visual Studio 15
VisualStudioVersion = 15.0.27703.2042
MinimumVisualStudioVersion = 10.0.40219.1
Project("{8BC9CEB8-8B4A-11D0-8D11-00A0C91BC942}") = "gobang", "gobang\gobang.vcxproj", "{736CA896-5290-4F45-A5B7-4F954A9AF3E4}"
EndProject
Global
	GlobalSection(SolutionConfigurationPlatforms) = preSolution
		Debug|x64 = Debug|x64
		Debug|x86 = Debug|x86
		Release|x64 = Release|x64
		Release|x86 = Release|x86
		XX|x64 = XX|x64
		XX|x86 = XX|x86
	EndGlobalSection
	GlobalSection(ProjectConfigurationPlatforms) = postSolution
		{736CA896-5290-4F45-A5B7-4F954A9AF3E4}.Debug|x64.ActiveCfg = Debug|x64
		{736CA896-5290-4F45-A5B7-4F954A9AF3E4}.Debug|x64.Build.0 = Debug|x64
		{736CA896-5290-4F45-A5B7-4F954A9AF3E4}.Debug|x86.ActiveCfg = Debug|Win32
		{736CA896-5290-4F45-A5B7-4F954A9AF3E4}.Debug|x86.Build.0 = Debug|Win32
		{736CA896-5290-4F45-A5B7-4F954A9AF3E4}.Release|x64.ActiveCfg = Debug|x64
		{736CA896-5290-4F45-A5B7-4F954A9AF3E4}.Release|x64.Build.0 = Debug|x64
		{736CA896-5290-4F45-A5B7-4F954A9AF3E4}.Release|x86.ActiveCfg = Release|Win32
		{736CA896-5290-4F45-A5B7-4F954A9AF3E4}.Release|x86.Build.0 = Release|Win32
		{736CA896-5290-4F45-A5B7-4F954A9AF3E4}.XX|x64.ActiveCfg = XX|x64
		{736CA896-5290-4F45-A5B7-4F954A9AF3E4}.XX|x64.Build.0 = XX|x64
		{736CA896-5290-4F45-A5B7-4F954A9AF3E4}.XX|x86.ActiveCfg = XX|Win32
		{736CA896-5290-4F45-A5B7-4F954A9AF3E4}.XX|x86.Build.0 = XX|Win32
	EndGlobalSection
	GlobalSection(SolutionProperties) = preSolution
		HideSolutionNode = FALSE
	EndGlobalSection
	GlobalSection(ExtensibilityGlobals) = postSolution
		SolutionGuid = {A890B64B-C3AF-4550-9FE3-307EA9DE540D}
	EndGlobalSection
EndGlobal
